{
  "name": "d4lf-config",
  "version": "1.0.0",
  "lockfileVersion": 2,
  "requires": true,
  "packages": {
    "": {
      "name": "d4lf-config",
      "version": "1.0.0",
      "dependencies": {
        "ini": "^4.1.1"
      },
      "devDependencies": {
        "@types/ini": "^1.3.33"
      }
    },
    "node_modules/@types/ini": {
      "version": "1.3.33",
      "resolved": "https://registry.npmjs.org/@types/ini/-/ini-1.3.33.tgz",
      "integrity": "sha512-YZDzdPTDxy084i5eVxUKfAHLenhAMVHupzCIg1dzFJNs6xp/UGyWk+8Lp1YxoZH+Hvv7C9OcHEDPndSMwaPVsQ==",
      "dev": true
    },
    "node_modules/ini": {
      "version": "4.1.1",
      "resolved": "https://registry.npmjs.org/ini/-/ini-4.1.1.tgz",
      "integrity": "sha512-QQnnxNyfvmHFIsj7gkPcYymR8Jdw/o7mp5ZFihxn6h8Ci6fh3Dx4E1gPjpQEpIuPo9XVNY/ZUwh4BPMjGyL01g==",
      "engines": {
        "node": "^14.17.0 || ^16.13.0 || >=18.0.0"
      }
    }
  },
  "dependencies": {
    "@types/ini": {
      "version": "1.3.33",
      "resolved": "https://registry.npmjs.org/@types/ini/-/ini-1.3.33.tgz",
      "integrity": "sha512-YZDzdPTDxy084i5eVxUKfAHLenhAMVHupzCIg1dzFJNs6xp/UGyWk+8Lp1YxoZH+Hvv7C9OcHEDPndSMwaPVsQ==",
      "dev": true
    },
    "ini": {
      "version": "4.1.1",
      "resolved": "https://registry.npmjs.org/ini/-/ini-4.1.1.tgz",
      "integrity": "sha512-QQnnxNyfvmHFIsj7gkPcYymR8Jdw/o7mp5ZFihxn6h8Ci6fh3Dx4E1gPjpQEpIuPo9XVNY/ZUwh4BPMjGyL01g=="
    }
  }
}
